blocks:
  minecraft:(stone|cobblestone):
    lootTable: "ex:blocks/cobblestone"
    xp: 4
    levelType: STONE
    appropriateTools: "minecraft:(wooden|stone|iron|diamond)_pickaxe"
    gold:
      chance: 0.1
      min: 10
      max: 30
  minecraft:deepslate:
    lootTable: "ex:blocks/cobbled_deepslate"
    xp: 6
    levelType: STONE
    gold:
      chance: 0.1
      min: 20
      max: 60
  minecraft:(dirt|grass_block):
    lootTable: "ex:blocks/dirt"
    xp: 2
    levelType: LAND
    gold:
      chance: 0.1
      min: 5
      max: 15
  minecraft:oak_log:
    lootTable: "ex:blocks/oak_log"
    xp: 6
    levelType: WOOD
    gold:
      chance: 0.1
      min: 10
      max: 30

  minecraft:oak_leaves:
    levelType: WOOD

  minecraft:(deepslate_)?coal_ore:
    lootTable: "ex:blocks/coal_ore"
    smeltedLootTable: "ex:blocks/coal"
    xp: 10
    levelType: ORE
    appropriateTools: "minecraft:(wooden|stone|iron|diamond)_pickaxe"
    gold:
      chance: 0.1
      min: 20
      max: 60
  minecraft:(deepslate_)?copper_ore:
    lootTable: "ex:blocks/copper_ore"
    smeltedLootTable: "ex:blocks/copper_ingot"
    xp: 10
    levelType: ORE
    appropriateTools: "minecraft:(stone|iron|diamond)_pickaxe"
    gold:
      chance: 0.1
      min: 20
      max: 60
  minecraft:(deepslate_)?iron_ore:
    lootTable: "ex:blocks/iron_ore"
    smeltedLootTable: "ex:blocks/iron_ingot"
    xp: 16
    levelType: ORE
    appropriateTools: "minecraft:(stone|iron|diamond)_pickaxe"
    gold:
      chance: 0.1
      min: 50
      max: 80
  minecraft:(deepslate_)?redstone_ore:
    lootTable: "ex:blocks/redstone_ore"
    smeltedLootTable: "ex:blocks/redstone"
    xp: 30
    levelType: ORE
    appropriateTools: "minecraft:(iron|diamond)_pickaxe"
    gold:
      chance: 0.1
      min: 200
      max: 300
  minecraft:(deepslate_)?lapis_ore:
    lootTable: "ex:blocks/lapis_ore"
    smeltedLootTable: "ex:blocks/lapis_lazuli"
    xp: 30
    levelType: ORE
    appropriateTools: "minecraft:(iron|diamond)_pickaxe"
    gold:
      chance: 0.1
      min: 200
      max: 300
  minecraft:(deepslate_)?gold_ore:
    lootTable: "ex:blocks/gold_ore"
    smeltedLootTable: "ex:blocks/gold_ingot"
    xp: 50
    levelType: ORE
    appropriateTools: "minecraft:(iron|diamond)_pickaxe"
    gold:
      chance: 1
      min: 300
      max: 300
  minecraft:(deepslate_)?diamond_ore:
    lootTable: "ex:blocks/diamond_ore"
    smeltedLootTable: "ex:blocks/diamond"
    xp: 80
    levelType: ORE
    appropriateTools: "minecraft:(iron|diamond)_pickaxe"
    gold:
      chance: 0.1
      min: 500
      max: 1000

  minecraft:torch:
    lootTable: "ex:blocks/stick"

  minecraft:glowstone:
    lootTable: "ex:blocks_add/glowstone_dust"
    xp: 16
    levelType: ORE
    gold:
      chance: 0.1
      min: 80
      max: 100

  minecraft:(amethyst_block|budding_amethyst):
    xp: 20
    levelType: ORE
    amethyst:
      chance: 0.3
      min: 1
      max: 2

  minecraft:(large|medium|small)_amethyst_bud:
    xp: 30
    levelType: ORE
    amethyst:
      chance: 1
      min: 3
      max: 5
